
Microsoft Visual Studio Solution File, Format Version 12.00
# Visual Studio Version 17
VisualStudioVersion = 17.9.34728.123
MinimumVisualStudioVersion = 10.0.40219.1
Project("{FAE04EC0-301F-11D3-BF4B-00C04F79EFBC}") = "MarketAnalysisBackend", "MarketAnalysisBackend.csproj", "{1B6A8B1B-F1AB-4FEF-A502-83453200C595}"
EndProject
Global
	GlobalSection(SolutionConfigurationPlatforms) = preSolution
		Debug|Any CPU = Debug|Any CPU
		Release|Any CPU = Release|Any CPU
	EndGlobalSection
	GlobalSection(ProjectConfigurationPlatforms) = postSolution
		{1B6A8B1B-F1AB-4FEF-A502-83453200C595}.Debug|Any CPU.ActiveCfg = Debug|Any CPU
		{1B6A8B1B-F1AB-4FEF-A502-83453200C595}.Debug|Any CPU.Build.0 = Debug|Any CPU
		{1B6A8B1B-F1AB-4FEF-A502-83453200C595}.Release|Any CPU.ActiveCfg = Release|Any CPU
		{1B6A8B1B-F1AB-4FEF-A502-83453200C595}.Release|Any CPU.Build.0 = Release|Any CPU
	EndGlobalSection
	GlobalSection(SolutionProperties) = preSolution
		HideSolutionNode = FALSE
	EndGlobalSection
	GlobalSection(ExtensibilityGlobals) = postSolution
		SolutionGuid = {611CA910-D706-4E1F-8E20-733212B9D8AA}
	EndGlobalSection
EndGlobal
